// !$*UTF8*$!
{
	archiveVersion = 1;
	classes = {
	};
	objectVersion = 50;
	objects = {

/* Begin PBXBuildFile section */
		40C2915A253B82FA003E17A7 /* qupApp.swift in Sources */ = {isa = PBXBuildFile; fileRef = 40C29159253B82FA003E17A7 /* qupApp.swift */; };
		40C2915C253B82FA003E17A7 /* ContentView.swift in Sources */ = {isa = PBXBuildFile; fileRef = 40C2915B253B82FA003E17A7 /* ContentView.swift */; };
		40C2915E253B82FC003E17A7 /* Assets.xcassets in Resources */ = {isa = PBXBuildFile; fileRef = 40C2915D253B82FC003E17A7 /* Assets.xcassets */; };
		40C29161253B82FC003E17A7 /* Preview Assets.xcassets in Resources */ = {isa = PBXBuildFile; fileRef = 40C29160253B82FC003E17A7 /* Preview Assets.xcassets */; };
		40C2916C253B82FC003E17A7 /* qupTests.swift in Sources */ = {isa = PBXBuildFile; fileRef = 40C2916B253B82FC003E17A7 /* qupTests.swift */; };
		40C29177253B82FC003E17A7 /* qupUITests.swift in Sources */ = {isa = PBXBuildFile; fileRef = 40C29176253B82FC003E17A7 /* qupUITests.swift */; };
/* End PBXBuildFile section */

/* Begin PBXContainerItemProxy section */
		40C29168253B82FC003E17A7 /* PBXContainerItemProxy */ = {
			isa = PBXContainerItemProxy;
			containerPortal = 40C2914E253B82FA003E17A7 /* Project object */;
			proxyType = 1;
			remoteGlobalIDString = 40C29155253B82FA003E17A7;
			remoteInfo = qup;
		};
		40C29173253B82FC003E17A7 /* PBXContainerItemProxy */ = {
			isa = PBXContainerItemProxy;
			containerPortal = 40C2914E253B82FA003E17A7 /* Project object */;
			proxyType = 1;
			remoteGlobalIDString = 40C29155253B82FA003E17A7;
			remoteInfo = qup;
		};
/* End PBXContainerItemProxy section */

/* Begin PBXFileReference section */
		40C29156253B82FA003E17A7 /* qup.app */ = {isa = PBXFileReference; explicitFileType = wrapper.application; includeInIndex = 0; path = qup.app; sourceTree = BUILT_PRODUCTS_DIR; };
		40C29159253B82FA003E17A7 /* qupApp.swift */ = {isa = PBXFileReference; lastKnownFileType = sourcecode.swift; path = qupApp.swift; sourceTree = "<group>"; };
		40C2915B253B82FA003E17A7 /* ContentView.swift */ = {isa = PBXFileReference; lastKnownFileType = sourcecode.swift; path = ContentView.swift; sourceTree = "<group>"; };
		40C2915D253B82FC003E17A7 /* Assets.xcassets */ = {isa = PBXFileReference; lastKnownFileType = folder.assetcatalog; path = Assets.xcassets; sourceTree = "<group>"; };
		40C29160253B82FC003E17A7 /* Preview Assets.xcassets */ = {isa = PBXFileReference; lastKnownFileType = folder.assetcatalog; path = "Preview Assets.xcassets"; sourceTree = "<group>"; };
		40C29162253B82FC003E17A7 /* Info.plist */ = {isa = PBXFileReference; lastKnownFileType = text.plist.xml; path = Info.plist; sourceTree = "<group>"; };
		40C29167253B82FC003E17A7 /* qupTests.xctest */ = {isa = PBXFileReference; explicitFileType = wrapper.cfbundle; includeInIndex = 0; path = qupTests.xctest; sourceTree = BUILT_PRODUCTS_DIR; };
		40C2916B253B82FC003E17A7 /* qupTests.swift */ = {isa = PBXFileReference; lastKnownFileType = sourcecode.swift; path = qupTests.swift; sourceTree = "<group>"; };
		40C2916D253B82FC003E17A7 /* Info.plist */ = {isa = PBXFileReference; lastKnownFileType = text.plist.xml; path = Info.plist; sourceTree = "<group>"; };
		40C29172253B82FC003E17A7 /* qupUITests.xctest */ = {isa = PBXFileReference; explicitFileType = wrapper.cfbundle; includeInIndex = 0; path = qupUITests.xctest; sourceTree = BUILT_PRODUCTS_DIR; };
		40C29176253B82FC003E17A7 /* qupUITests.swift */ = {isa = PBXFileReference; lastKnownFileType = sourcecode.swift; path = qupUITests.swift; sourceTree = "<group>"; };
		40C29178253B82FC003E17A7 /* Info.plist */ = {isa = PBXFileReference; lastKnownFileType = text.plist.xml; path = Info.plist; sourceTree = "<group>"; };
/* End PBXFileReference section */

/* Begin PBXFrameworksBuildPhase section */
		40C29153253B82FA003E17A7 /* Frameworks */ = {
			isa = PBXFrameworksBuildPhase;
			buildActionMask = 2147483647;
			files = (
			);
			runOnlyForDeploymentPostprocessing = 0;
		};
		40C29164253B82FC003E17A7 /* Frameworks */ = {
			isa = PBXFrameworksBuildPhase;
			buildActionMask = 2147483647;
			files = (
			);
			runOnlyForDeploymentPostprocessing = 0;
		};
		40C2916F253B82FC003E17A7 /* Frameworks */ = {
			isa = PBXFrameworksBuildPhase;
			buildActionMask = 2147483647;
			files = (
			);
			runOnlyForDeploymentPostprocessing = 0;
		};
/* End PBXFrameworksBuildPhase section */

/* Begin PBXGroup section */
		40C2914D253B82FA003E17A7 = {
			isa = PBXGroup;
			children = (
				40C29158253B82FA003E17A7 /* qup */,
				40C2916A253B82FC003E17A7 /* qupTests */,
				40C29175253B82FC003E17A7 /* qupUITests */,
				40C29157253B82FA003E17A7 /* Products */,
			);
			sourceTree = "<group>";
		};
		40C29157253B82FA003E17A7 /* Products */ = {
			isa = PBXGroup;
			children = (
				40C29156253B82FA003E17A7 /* qup.app */,
				40C29167253B82FC003E17A7 /* qupTests.xctest */,
				40C29172253B82FC003E17A7 /* qupUITests.xctest */,
			);
			name = Products;
			sourceTree = "<group>";
		};
		40C29158253B82FA003E17A7 /* qup */ = {
			isa = PBXGroup;
			children = (
				40C29159253B82FA003E17A7 /* qupApp.swift */,
				40C2915B253B82FA003E17A7 /* ContentView.swift */,
				40C2915D253B82FC003E17A7 /* Assets.xcassets */,
				40C29162253B82FC003E17A7 /* Info.plist */,
				40C2915F253B82FC003E17A7 /* Preview Content */,
			);
			path = qup;
			sourceTree = "<group>";
		};
		40C2915F253B82FC003E17A7 /* Preview Content */ = {
			isa = PBXGroup;
			children = (
				40C29160253B82FC003E17A7 /* Preview Assets.xcassets */,
			);
			path = "Preview Content";
			sourceTree = "<group>";
		};
		40C2916A253B82FC003E17A7 /* qupTests */ = {
			isa = PBXGroup;
			children = (
				40C2916B253B82FC003E17A7 /* qupTests.swift */,
				40C2916D253B82FC003E17A7 /* Info.plist */,
			);
			path = qupTests;
			sourceTree = "<group>";
		};
		40C29175253B82FC003E17A7 /* qupUITests */ = {
			isa = PBXGroup;
			children = (
				40C29176253B82FC003E17A7 /* qupUITests.swift */,
				40C29178253B82FC003E17A7 /* Info.plist */,
			);
			path = qupUITests;
			sourceTree = "<group>";
		};
/* End PBXGroup section */

/* Begin PBXNativeTarget section */
		40C29155253B82FA003E17A7 /* qup */ = {
			isa = PBXNativeTarget;
			buildConfigurationList = 40C2917B253B82FC003E17A7 /* Build configuration list for PBXNativeTarget "qup" */;
			buildPhases = (
				40C29152253B82FA003E17A7 /* Sources */,
				40C29153253B82FA003E17A7 /* Frameworks */,
				40C29154253B82FA003E17A7 /* Resources */,
			);
			buildRules = (
			);
			dependencies = (
			);
			name = qup;
			productName = qup;
			productReference = 40C29156253B82FA003E17A7 /* qup.app */;
			productType = "com.apple.product-type.application";
		};
		40C29166253B82FC003E17A7 /* qupTests */ = {
			isa = PBXNativeTarget;
			buildConfigurationList = 40C2917E253B82FC003E17A7 /* Build configuration list for PBXNativeTarget "qupTests" */;
			buildPhases = (
				40C29163253B82FC003E17A7 /* Sources */,
				40C29164253B82FC003E17A7 /* Frameworks */,
				40C29165253B82FC003E17A7 /* Resources */,
			);
			buildRules = (
			);
			dependencies = (
				40C29169253B82FC003E17A7 /* PBXTargetDependency */,
			);
			name = qupTests;
			productName = qupTests;
			productReference = 40C29167253B82FC003E17A7 /* qupTests.xctest */;
			productType = "com.apple.product-type.bundle.unit-test";
		};
		40C29171253B82FC003E17A7 /* qupUITests */ = {
			isa = PBXNativeTarget;
			buildConfigurationList = 40C29181253B82FC003E17A7 /* Build configuration list for PBXNativeTarget "qupUITests" */;
			buildPhases = (
				40C2916E253B82FC003E17A7 /* Sources */,
				40C2916F253B82FC003E17A7 /* Frameworks */,
				40C29170253B82FC003E17A7 /* Resources */,
			);
			buildRules = (
			);
			dependencies = (
				40C29174253B82FC003E17A7 /* PBXTargetDependency */,
			);
			name = qupUITests;
			productName = qupUITests;
			productReference = 40C29172253B82FC003E17A7 /* qupUITests.xctest */;
			productType = "com.apple.product-type.bundle.ui-testing";
		};
/* End PBXNativeTarget section */

/* Begin PBXProject section */
		40C2914E253B82FA003E17A7 /* Project object */ = {
			isa = PBXProject;
			attributes = {
				LastSwiftUpdateCheck = 1200;
				LastUpgradeCheck = 1200;
				TargetAttributes = {
					40C29155253B82FA003E17A7 = {
						CreatedOnToolsVersion = 12.0.1;
					};
					40C29166253B82FC003E17A7 = {
						CreatedOnToolsVersion = 12.0.1;
						TestTargetID = 40C29155253B82FA003E17A7;
					};
					40C29171253B82FC003E17A7 = {
						CreatedOnToolsVersion = 12.0.1;
						TestTargetID = 40C29155253B82FA003E17A7;
					};
				};
			};
			buildConfigurationList = 40C29151253B82FA003E17A7 /* Build configuration list for PBXProject "qup" */;
			compatibilityVersion = "Xcode 9.3";
			developmentRegion = en;
			hasScannedForEncodings = 0;
			knownRegions = (
				en,
				Base,
			);
			mainGroup = 40C2914D253B82FA003E17A7;
			productRefGroup = 40C29157253B82FA003E17A7 /* Products */;
			projectDirPath = "";
			projectRoot = "";
			targets = (
				40C29155253B82FA003E17A7 /* qup */,
				40C29166253B82FC003E17A7 /* qupTests */,
				40C29171253B82FC003E17A7 /* qupUITests */,
			);
		};
/* End PBXProject section */

/* Begin PBXResourcesBuildPhase section */
		40C29154253B82FA003E17A7 /* Resources */ = {
			isa = PBXResourcesBuildPhase;
			buildActionMask = 2147483647;
			files = (
				40C29161253B82FC003E17A7 /* Preview Assets.xcassets in Resources */,
				40C2915E253B82FC003E17A7 /* Assets.xcassets in Resources */,
			);
			runOnlyForDeploymentPostprocessing = 0;
		};
		40C29165253B82FC003E17A7 /* Resources */ = {
			isa = PBXResourcesBuildPhase;
			buildActionMask = 2147483647;
			files = (
			);
			runOnlyForDeploymentPostprocessing = 0;
		};
		40C29170253B82FC003E17A7 /* Resources */ = {
			isa = PBXResourcesBuildPhase;
			buildActionMask = 2147483647;
			files = (
			);
			runOnlyForDeploymentPostprocessing = 0;
		};
/* End PBXResourcesBuildPhase section */

/* Begin PBXSourcesBuildPhase section */
		40C29152253B82FA003E17A7 /* Sources */ = {
			isa = PBXSourcesBuildPhase;
			buildActionMask = 2147483647;
			files = (
				40C2915C253B82FA003E17A7 /* ContentView.swift in Sources */,
				40C2915A253B82FA003E17A7 /* qupApp.swift in Sources */,
			);
			runOnlyForDeploymentPostprocessing = 0;
		};
		40C29163253B82FC003E17A7 /* Sources */ = {
			isa = PBXSourcesBuildPhase;
			buildActionMask = 2147483647;
			files = (
				40C2916C253B82FC003E17A7 /* qupTests.swift in Sources */,
			);
			runOnlyForDeploymentPostprocessing = 0;
		};
		40C2916E253B82FC003E17A7 /* Sources */ = {
			isa = PBXSourcesBuildPhase;
			buildActionMask = 2147483647;
			files = (
				40C29177253B82FC003E17A7 /* qupUITests.swift in Sources */,
			);
			runOnlyForDeploymentPostprocessing = 0;
		};
/* End PBXSourcesBuildPhase section */

/* Begin PBXTargetDependency section */
		40C29169253B82FC003E17A7 /* PBXTargetDependency */ = {
			isa = PBXTargetDependency;
			target = 40C29155253B82FA003E17A7 /* qup */;
			targetProxy = 40C29168253B82FC003E17A7 /* PBXContainerItemProxy */;
		};
		40C29174253B82FC003E17A7 /* PBXTargetDependency */ = {
			isa = PBXTargetDependency;
			target = 40C29155253B82FA003E17A7 /* qup */;
			targetProxy = 40C29173253B82FC003E17A7 /* PBXContainerItemProxy */;
		};
/* End PBXTargetDependency section */

/* Begin XCBuildConfiguration section */
		40C29179253B82FC003E17A7 /* Debug */ = {
			isa = XCBuildConfiguration;
			buildSettings = {
				ALWAYS_SEARCH_USER_PATHS = NO;
				CLANG_ANALYZER_NONNULL = YES;
				CLANG_ANALYZER_NUMBER_OBJECT_CONVERSION = YES_AGGRESSIVE;
				CLANG_CXX_LANGUAGE_STANDARD = "gnu++14";
				CLANG_CXX_LIBRARY = "libc++";
				CLANG_ENABLE_MODULES = YES;
				CLANG_ENABLE_OBJC_ARC = YES;
				CLANG_ENABLE_OBJC_WEAK = YES;
				CLANG_WARN_BLOCK_CAPTURE_AUTORELEASING = YES;
				CLANG_WARN_BOOL_CONVERSION = YES;
				CLANG_WARN_COMMA = YES;
				CLANG_WARN_CONSTANT_CONVERSION = YES;
				CLANG_WARN_DEPRECATED_OBJC_IMPLEMENTATIONS = YES;
				CLANG_WARN_DIRECT_OBJC_ISA_USAGE = YES_ERROR;
				CLANG_WARN_DOCUMENTATION_COMMENTS = YES;
				CLANG_WARN_EMPTY_BODY = YES;
				CLANG_WARN_ENUM_CONVERSION = YES;
				CLANG_WARN_INFINITE_RECURSION = YES;
				CLANG_WARN_INT_CONVERSION = YES;
				CLANG_WARN_NON_LITERAL_NULL_CONVERSION = YES;
				CLANG_WARN_OBJC_IMPLICIT_RETAIN_SELF = YES;
				CLANG_WARN_OBJC_LITERAL_CONVERSION = YES;
				CLANG_WARN_OBJC_ROOT_CLASS = YES_ERROR;
				CLANG_WARN_QUOTED_INCLUDE_IN_FRAMEWORK_HEADER = YES;
				CLANG_WARN_RANGE_LOOP_ANALYSIS = YES;
				CLANG_WARN_STRICT_PROTOTYPES = YES;
				CLANG_WARN_SUSPICIOUS_MOVE = YES;
				CLANG_WARN_UNGUARDED_AVAILABILITY = YES_AGGRESSIVE;
				CLANG_WARN_UNREACHABLE_CODE = YES;
				CLANG_WARN__DUPLICATE_METHOD_MATCH = YES;
				COPY_PHASE_STRIP = NO;
				DEBUG_INFORMATION_FORMAT = dwarf;
				ENABLE_STRICT_OBJC_MSGSEND = YES;
				ENABLE_TESTABILITY = YES;
				GCC_C_LANGUAGE_STANDARD = gnu11;
				GCC_DYNAMIC_NO_PIC = NO;
				GCC_NO_COMMON_BLOCKS = YES;
				GCC_OPTIMIZATION_LEVEL = 0;
				GCC_PREPROCESSOR_DEFINITIONS = (
					"DEBUG=1",
					"$(inherited)",
				);
				GCC_WARN_64_TO_32_BIT_CONVERSION = YES;
				GCC_WARN_ABOUT_RETURN_TYPE = YES_ERROR;
				GCC_WARN_UNDECLARED_SELECTOR = YES;
				GCC_WARN_UNINITIALIZED_AUTOS = YES_AGGRESSIVE;
				GCC_WARN_UNUSED_FUNCTION = YES;
				GCC_WARN_UNUSED_VARIABLE = YES;
				IPHONEOS_DEPLOYMENT_TARGET = 14.0;
				MTL_ENABLE_DEBUG_INFO = INCLUDE_SOURCE;
				MTL_FAST_MATH = YES;
				ONLY_ACTIVE_ARCH = YES;
				SDKROOT = iphoneos;
				SWIFT_ACTIVE_COMPILATION_CONDITIONS = DEBUG;
				SWIFT_OPTIMIZATION_LEVEL = "-Onone";
			};
			name = Debug;
		};
		40C2917A253B82FC003E17A7 /* Release */ = {
			isa = XCBuildConfiguration;
			buildSettings = {
				ALWAYS_SEARCH_USER_PATHS = NO;
				CLANG_ANALYZER_NONNULL = YES;
				CLANG_ANALYZER_NUMBER_OBJECT_CONVERSION = YES_AGGRESSIVE;
				CLANG_CXX_LANGUAGE_STANDARD = "gnu++14";
				CLANG_CXX_LIBRARY = "libc++";
				CLANG_ENABLE_MODULES = YES;
				CLANG_ENABLE_OBJC_ARC = YES;
				CLANG_ENABLE_OBJC_WEAK = YES;
				CLANG_WARN_BLOCK_CAPTURE_AUTORELEASING = YES;
				CLANG_WARN_BOOL_CONVERSION = YES;
				CLANG_WARN_COMMA = YES;
				CLANG_WARN_CONSTANT_CONVERSION = YES;
				CLANG_WARN_DEPRECATED_OBJC_IMPLEMENTATIONS = YES;
				CLANG_WARN_DIRECT_OBJC_ISA_USAGE = YES_ERROR;
				CLANG_WARN_DOCUMENTATION_COMMENTS = YES;
				CLANG_WARN_EMPTY_BODY = YES;
				CLANG_WARN_ENUM_CONVERSION = YES;
				CLANG_WARN_INFINITE_RECURSION = YES;
				CLANG_WARN_INT_CONVERSION = YES;
				CLANG_WARN_NON_LITERAL_NULL_CONVERSION = YES;
				CLANG_WARN_OBJC_IMPLICIT_RETAIN_SELF = YES;
				CLANG_WARN_OBJC_LITERAL_CONVERSION = YES;
				CLANG_WARN_OBJC_ROOT_CLASS = YES_ERROR;
				CLANG_WARN_QUOTED_INCLUDE_IN_FRAMEWORK_HEADER = YES;
				CLANG_WARN_RANGE_LOOP_ANALYSIS = YES;
				CLANG_WARN_STRICT_PROTOTYPES = YES;
				CLANG_WARN_SUSPICIOUS_MOVE = YES;
				CLANG_WARN_UNGUARDED_AVAILABILITY = YES_AGGRESSIVE;
				CLANG_WARN_UNREACHABLE_CODE = YES;
				CLANG_WARN__DUPLICATE_METHOD_MATCH = YES;
				COPY_PHASE_STRIP = NO;
				DEBUG_INFORMATION_FORMAT = "dwarf-with-dsym";
				ENABLE_NS_ASSERTIONS = NO;
				ENABLE_STRICT_OBJC_MSGSEND = YES;
				GCC_C_LANGUAGE_STANDARD = gnu11;
				GCC_NO_COMMON_BLOCKS = YES;
				GCC_WARN_64_TO_32_BIT_CONVERSION = YES;
				GCC_WARN_ABOUT_RETURN_TYPE = YES_ERROR;
				GCC_WARN_UNDECLARED_SELECTOR = YES;
				GCC_WARN_UNINITIALIZED_AUTOS = YES_AGGRESSIVE;
				GCC_WARN_UNUSED_FUNCTION = YES;
				GCC_WARN_UNUSED_VARIABLE = YES;
				IPHONEOS_DEPLOYMENT_TARGET = 14.0;
				MTL_ENABLE_DEBUG_INFO = NO;
				MTL_FAST_MATH = YES;
				SDKROOT = iphoneos;
				SWIFT_COMPILATION_MODE = wholemodule;
				SWIFT_OPTIMIZATION_LEVEL = "-O";
				VALIDATE_PRODUCT = YES;
			};
			name = Release;
		};
		40C2917C253B82FC003E17A7 /* Debug */ = {
			isa = XCBuildConfiguration;
			buildSettings = {
				ASSETCATALOG_COMPILER_APPICON_NAME = AppIcon;
				ASSETCATALOG_COMPILER_GLOBAL_ACCENT_COLOR_NAME = AccentColor;
				CODE_SIGN_STYLE = Automatic;
				DEVELOPMENT_ASSET_PATHS = "\"qup/Preview Content\"";
				DEVELOPMENT_TEAM = M98NPPW3ZC;
				ENABLE_PREVIEWS = YES;
				INFOPLIST_FILE = qup/Info.plist;
				IPHONEOS_DEPLOYMENT_TARGET = 14.0;
				LD_RUNPATH_SEARCH_PATHS = (
					"$(inherited)",
					"@executable_path/Frameworks",
				);
				PRODUCT_BUNDLE_IDENTIFIER = dubhacks.qup;
				PRODUCT_NAME = "$(TARGET_NAME)";
				SWIFT_VERSION = 5.0;
				TARGETED_DEVICE_FAMILY = "1,2";
			};
			name = Debug;
		};
		40C2917D253B82FC003E17A7 /* Release */ = {
			isa = XCBuildConfiguration;
			buildSettings = {
				ASSETCATALOG_COMPILER_APPICON_NAME = AppIcon;
				ASSETCATALOG_COMPILER_GLOBAL_ACCENT_COLOR_NAME = AccentColor;
				CODE_SIGN_STYLE = Automatic;
				DEVELOPMENT_ASSET_PATHS = "\"qup/Preview Content\"";
				DEVELOPMENT_TEAM = M98NPPW3ZC;
				ENABLE_PREVIEWS = YES;
				INFOPLIST_FILE = qup/Info.plist;
				IPHONEOS_DEPLOYMENT_TARGET = 14.0;
				LD_RUNPATH_SEARCH_PATHS = (
					"$(inherited)",
					"@executable_path/Frameworks",
				);
				PRODUCT_BUNDLE_IDENTIFIER = dubhacks.qup;
				PRODUCT_NAME = "$(TARGET_NAME)";
				SWIFT_VERSION = 5.0;
				TARGETED_DEVICE_FAMILY = "1,2";
			};
			name = Release;
		};
		40C2917F253B82FC003E17A7 /* Debug */ = {
			isa = XCBuildConfiguration;
			buildSettings = {
				ALWAYS_EMBED_SWIFT_STANDARD_LIBRARIES = YES;
				BUNDLE_LOADER = "$(TEST_HOST)";
				CODE_SIGN_STYLE = Automatic;
				DEVELOPMENT_TEAM = M98NPPW3ZC;
				INFOPLIST_FILE = qupTests/Info.plist;
				IPHONEOS_DEPLOYMENT_TARGET = 14.0;
				LD_RUNPATH_SEARCH_PATHS = (
					"$(inherited)",
					"@executable_path/Frameworks",
					"@loader_path/Frameworks",
				);
				PRODUCT_BUNDLE_IDENTIFIER = dubhacks.qupTests;
				PRODUCT_NAME = "$(TARGET_NAME)";
				SWIFT_VERSION = 5.0;
				TARGETED_DEVICE_FAMILY = "1,2";
				TEST_HOST = "$(BUILT_PRODUCTS_DIR)/qup.app/qup";
			};
			name = Debug;
		};
		40C29180253B82FC003E17A7 /* Release */ = {
			isa = XCBuildConfiguration;
			buildSettings = {
				ALWAYS_EMBED_SWIFT_STANDARD_LIBRARIES = YES;
				BUNDLE_LOADER = "$(TEST_HOST)";
				CODE_SIGN_STYLE = Automatic;
				DEVELOPMENT_TEAM = M98NPPW3ZC;
				INFOPLIST_FILE = qupTests/Info.plist;
				IPHONEOS_DEPLOYMENT_TARGET = 14.0;
				LD_RUNPATH_SEARCH_PATHS = (
					"$(inherited)",
					"@executable_path/Frameworks",
					"@loader_path/Frameworks",
				);
				PRODUCT_BUNDLE_IDENTIFIER = dubhacks.qupTests;
				PRODUCT_NAME = "$(TARGET_NAME)";
				SWIFT_VERSION = 5.0;
				TARGETED_DEVICE_FAMILY = "1,2";
				TEST_HOST = "$(BUILT_PRODUCTS_DIR)/qup.app/qup";
			};
			name = Release;
		};
		40C29182253B82FC003E17A7 /* Debug */ = {
			isa = XCBuildConfiguration;
			buildSettings = {
				ALWAYS_EMBED_SWIFT_STANDARD_LIBRARIES = YES;
				CODE_SIGN_STYLE = Automatic;
				DEVELOPMENT_TEAM = M98NPPW3ZC;
				INFOPLIST_FILE = qupUITests/Info.plist;
				LD_RUNPATH_SEARCH_PATHS = (
					"$(inherited)",
					"@executable_path/Frameworks",
					"@loader_path/Frameworks",
				);
				PRODUCT_BUNDLE_IDENTIFIER = dubhacks.qupUITests;
				PRODUCT_NAME = "$(TARGET_NAME)";
				SWIFT_VERSION = 5.0;
				TARGETED_DEVICE_FAMILY = "1,2";
				TEST_TARGET_NAME = qup;
			};
			name = Debug;
		};
		40C29183253B82FC003E17A7 /* Release */ = {
			isa = XCBuildConfiguration;
			buildSettings = {
				ALWAYS_EMBED_SWIFT_STANDARD_LIBRARIES = YES;
				CODE_SIGN_STYLE = Automatic;
				DEVELOPMENT_TEAM = M98NPPW3ZC;
				INFOPLIST_FILE = qupUITests/Info.plist;
				LD_RUNPATH_SEARCH_PATHS = (
					"$(inherited)",
					"@executable_path/Frameworks",
					"@loader_path/Frameworks",
				);
				PRODUCT_BUNDLE_IDENTIFIER = dubhacks.qupUITests;
				PRODUCT_NAME = "$(TARGET_NAME)";
				SWIFT_VERSION = 5.0;
				TARGETED_DEVICE_FAMILY = "1,2";
				TEST_TARGET_NAME = qup;
			};
			name = Release;
		};
/* End XCBuildConfiguration section */

/* Begin XCConfigurationList section */
		40C29151253B82FA003E17A7 /* Build configuration list for PBXProject "qup" */ = {
			isa = XCConfigurationList;
			buildConfigurations = (
				40C29179253B82FC003E17A7 /* Debug */,
				40C2917A253B82FC003E17A7 /* Release */,
			);
			defaultConfigurationIsVisible = 0;
			defaultConfigurationName = Release;
		};
		40C2917B253B82FC003E17A7 /* Build configuration list for PBXNativeTarget "qup" */ = {
			isa = XCConfigurationList;
			buildConfigurations = (
				40C2917C253B82FC003E17A7 /* Debug */,
				40C2917D253B82FC003E17A7 /* Release */,
			);
			defaultConfigurationIsVisible = 0;
			defaultConfigurationName = Release;
		};
		40C2917E253B82FC003E17A7 /* Build configuration list for PBXNativeTarget "qupTests" */ = {
			isa = XCConfigurationList;
			buildConfigurations = (
				40C2917F253B82FC003E17A7 /* Debug */,
				40C29180253B82FC003E17A7 /* Release */,
			);
			defaultConfigurationIsVisible = 0;
			defaultConfigurationName = Release;
		};
		40C29181253B82FC003E17A7 /* Build configuration list for PBXNativeTarget "qupUITests" */ = {
			isa = XCConfigurationList;
			buildConfigurations = (
				40C29182253B82FC003E17A7 /* Debug */,
				40C29183253B82FC003E17A7 /* Release */,
			);
			defaultConfigurationIsVisible = 0;
			defaultConfigurationName = Release;
		};
/* End XCConfigurationList section */
	};
	rootObject = 40C2914E253B82FA003E17A7 /* Project object */;
}
